
Microsoft Visual Studio Solution File, Format Version 12.00
# Visual Studio Version 17
VisualStudioVersion = 17.12.35527.113 d17.12
MinimumVisualStudioVersion = 10.0.40219.1
Project("{FAE04EC0-301F-11D3-BF4B-00C04F79EFBC}") = "NguyenNhatMinh_C24A.TH1", "NguyenNhatMinh_C24A.TH1\NguyenNhatMinh_C24A.TH1.csproj", "{11749E18-E196-4DCE-BDD7-B8C7C6BF9CA0}"
EndProject
Global
	GlobalSection(SolutionConfigurationPlatforms) = preSolution
		Debug|Any CPU = Debug|Any CPU
		Release|Any CPU = Release|Any CPU
	EndGlobalSection
	GlobalSection(ProjectConfigurationPlatforms) = postSolution
		{11749E18-E196-4DCE-BDD7-B8C7C6BF9CA0}.Debug|Any CPU.ActiveCfg = Debug|Any CPU
		{11749E18-E196-4DCE-BDD7-B8C7C6BF9CA0}.Debug|Any CPU.Build.0 = Debug|Any CPU
		{11749E18-E196-4DCE-BDD7-B8C7C6BF9CA0}.Release|Any CPU.ActiveCfg = Release|Any CPU
		{11749E18-E196-4DCE-BDD7-B8C7C6BF9CA0}.Release|Any CPU.Build.0 = Release|Any CPU
	EndGlobalSection
	GlobalSection(SolutionProperties) = preSolution
		HideSolutionNode = FALSE
	EndGlobalSection
EndGlobal
